
Microsoft Visual Studio Solution File, Format Version 11.00
# Visual Studio 2010
Project("{FAE04EC0-301F-11D3-BF4B-00C04F79EFBC}") = "Assembly-CSharp-Editor", "Assembly-CSharp-Editor.csproj", "{b046f6de-f5d8-0cb6-2dd4-d989f3f3ebc4}"
EndProject
Project("{FAE04EC0-301F-11D3-BF4B-00C04F79EFBC}") = "Assembly-CSharp", "Assembly-CSharp.csproj", "{560d0bd3-44a0-ca1a-513b-84c10147a6f9}"
EndProject
Project("{FAE04EC0-301F-11D3-BF4B-00C04F79EFBC}") = "Assembly-CSharp-firstpass", "Assembly-CSharp-firstpass.csproj", "{b5b0060d-35d2-d97b-d6e8-1a1cb230167f}"
EndProject
Global
	GlobalSection(SolutionConfigurationPlatforms) = preSolution
		Debug|Any CPU = Debug|Any CPU
	EndGlobalSection
	GlobalSection(ProjectConfigurationPlatforms) = postSolution
		{b046f6de-f5d8-0cb6-2dd4-d989f3f3ebc4}.Debug|Any CPU.ActiveCfg = Debug|Any CPU
		{b046f6de-f5d8-0cb6-2dd4-d989f3f3ebc4}.Debug|Any CPU.Build.0 = Debug|Any CPU
		{560d0bd3-44a0-ca1a-513b-84c10147a6f9}.Debug|Any CPU.ActiveCfg = Debug|Any CPU
		{560d0bd3-44a0-ca1a-513b-84c10147a6f9}.Debug|Any CPU.Build.0 = Debug|Any CPU
		{b5b0060d-35d2-d97b-d6e8-1a1cb230167f}.Debug|Any CPU.ActiveCfg = Debug|Any CPU
		{b5b0060d-35d2-d97b-d6e8-1a1cb230167f}.Debug|Any CPU.Build.0 = Debug|Any CPU
	EndGlobalSection
	GlobalSection(SolutionProperties) = preSolution
		HideSolutionNode = FALSE
	EndGlobalSection
EndGlobal
